
Microsoft Visual Studio Solution File, Format Version 12.00
# Visual Studio Version 17
VisualStudioVersion = 17.4.33213.308
MinimumVisualStudioVersion = 10.0.40219.1
Project("{FAE04EC0-301F-11D3-BF4B-00C04F79EFBC}") = "TranslateProject", "TranslateProject\TranslateProject.csproj", "{01955D1D-2050-45EA-8B1A-40253436ABE4}"
EndProject
Global
	GlobalSection(SolutionConfigurationPlatforms) = preSolution
		Debug|Any CPU = Debug|Any CPU
		Release|Any CPU = Release|Any CPU
	EndGlobalSection
	GlobalSection(ProjectConfigurationPlatforms) = postSolution
		{01955D1D-2050-45EA-8B1A-40253436ABE4}.Debug|Any CPU.ActiveCfg = Debug|Any CPU
		{01955D1D-2050-45EA-8B1A-40253436ABE4}.Debug|Any CPU.Build.0 = Debug|Any CPU
		{01955D1D-2050-45EA-8B1A-40253436ABE4}.Release|Any CPU.ActiveCfg = Release|Any CPU
		{01955D1D-2050-45EA-8B1A-40253436ABE4}.Release|Any CPU.Build.0 = Release|Any CPU
	EndGlobalSection
	GlobalSection(SolutionProperties) = preSolution
		HideSolutionNode = FALSE
	EndGlobalSection
	GlobalSection(ExtensibilityGlobals) = postSolution
		SolutionGuid = {9D6CBC6F-30D7-425F-A6F5-584BA8940FD2}
	EndGlobalSection
EndGlobal
